
Microsoft Visual Studio Solution File, Format Version 12.00
# Visual Studio Version 16
VisualStudioVersion = 16.0.29306.81
MinimumVisualStudioVersion = 10.0.40219.1
Project("{9A19103F-16F7-4668-BE54-9A1E7A4F7556}") = "DemoTest", "DemoTest.csproj", "{1F0E238A-446D-463E-9534-8F52A9A48F57}"
EndProject
Project("{9A19103F-16F7-4668-BE54-9A1E7A4F7556}") = "DemoPageObject", "..\TXDashboardPageObject\DemoPageObject.csproj", "{C6660DC2-15A4-44C7-86BB-4DC2DB3BAEA7}"
EndProject
Global
	GlobalSection(SolutionConfigurationPlatforms) = preSolution
		Debug|Any CPU = Debug|Any CPU
		Release|Any CPU = Release|Any CPU
	EndGlobalSection
	GlobalSection(ProjectConfigurationPlatforms) = postSolution
		{1F0E238A-446D-463E-9534-8F52A9A48F57}.Debug|Any CPU.ActiveCfg = Debug|Any CPU
		{1F0E238A-446D-463E-9534-8F52A9A48F57}.Debug|Any CPU.Build.0 = Debug|Any CPU
		{1F0E238A-446D-463E-9534-8F52A9A48F57}.Release|Any CPU.ActiveCfg = Release|Any CPU
		{1F0E238A-446D-463E-9534-8F52A9A48F57}.Release|Any CPU.Build.0 = Release|Any CPU
		{C6660DC2-15A4-44C7-86BB-4DC2DB3BAEA7}.Debug|Any CPU.ActiveCfg = Debug|Any CPU
		{C6660DC2-15A4-44C7-86BB-4DC2DB3BAEA7}.Debug|Any CPU.Build.0 = Debug|Any CPU
		{C6660DC2-15A4-44C7-86BB-4DC2DB3BAEA7}.Release|Any CPU.ActiveCfg = Release|Any CPU
		{C6660DC2-15A4-44C7-86BB-4DC2DB3BAEA7}.Release|Any CPU.Build.0 = Release|Any CPU
	EndGlobalSection
	GlobalSection(SolutionProperties) = preSolution
		HideSolutionNode = FALSE
	EndGlobalSection
	GlobalSection(ExtensibilityGlobals) = postSolution
		SolutionGuid = {51A9F739-A50D-43DD-900B-2A603E90249A}
	EndGlobalSection
EndGlobal
